// !$*UTF8*$!
{
	archiveVersion = 1;
	classes = {
	};
	objectVersion = 77;
	objects = {

/* Begin PBXBuildFile section */
		145E71772E0FFF6100F92C01 /* PingResultDisplayModel.swift in Sources */ = {isa = PBXBuildFile; fileRef = 145E71762E0FFF5D00F92C01 /* PingResultDisplayModel.swift */; };
		1467664E2DE31BFD00B89B10 /* CallbackPingView.swift in Sources */ = {isa = PBXBuildFile; fileRef = 1467664D2DE31BFD00B89B10 /* CallbackPingView.swift */; };
		146766502DE31C0E00B89B10 /* HomeView.swift in Sources */ = {isa = PBXBuildFile; fileRef = 1467664F2DE31C0E00B89B10 /* HomeView.swift */; };
		146766522DE31D1000B89B10 /* CallbackPingViewModel.swift in Sources */ = {isa = PBXBuildFile; fileRef = 146766512DE31D0A00B89B10 /* CallbackPingViewModel.swift */; };
		146766552DE322BC00B89B10 /* AsyncPingView.swift in Sources */ = {isa = PBXBuildFile; fileRef = 146766542DE322BC00B89B10 /* AsyncPingView.swift */; };
		146766572DE322C200B89B10 /* AsyncPingViewModel.swift in Sources */ = {isa = PBXBuildFile; fileRef = 146766562DE322BF00B89B10 /* AsyncPingViewModel.swift */; };
		146872522D23313B00373862 /* AppDelegate.swift in Sources */ = {isa = PBXBuildFile; fileRef = 146872472D23313B00373862 /* AppDelegate.swift */; };
		146872572D23313B00373862 /* LaunchScreen.xib in Resources */ = {isa = PBXBuildFile; fileRef = 1468724B2D23313B00373862 /* LaunchScreen.xib */; };
		146872582D23313B00373862 /* Images.xcassets in Resources */ = {isa = PBXBuildFile; fileRef = 146872482D23313B00373862 /* Images.xcassets */; };
		FE343DB94858EB002C0DA943 /* Pods_pingx_Example.framework in Frameworks */ = {isa = PBXBuildFile; fileRef = 7978D2CD5145265FA076CCB8 /* Pods_pingx_Example.framework */; };
/* End PBXBuildFile section */

/* Begin PBXFileReference section */
		145E71762E0FFF5D00F92C01 /* PingResultDisplayModel.swift */ = {isa = PBXFileReference; lastKnownFileType = sourcecode.swift; path = PingResultDisplayModel.swift; sourceTree = "<group>"; };
		1467664D2DE31BFD00B89B10 /* CallbackPingView.swift */ = {isa = PBXFileReference; lastKnownFileType = sourcecode.swift; path = CallbackPingView.swift; sourceTree = "<group>"; };
		1467664F2DE31C0E00B89B10 /* HomeView.swift */ = {isa = PBXFileReference; lastKnownFileType = sourcecode.swift; path = HomeView.swift; sourceTree = "<group>"; };
		146766512DE31D0A00B89B10 /* CallbackPingViewModel.swift */ = {isa = PBXFileReference; lastKnownFileType = sourcecode.swift; path = CallbackPingViewModel.swift; sourceTree = "<group>"; };
		146766542DE322BC00B89B10 /* AsyncPingView.swift */ = {isa = PBXFileReference; lastKnownFileType = sourcecode.swift; path = AsyncPingView.swift; sourceTree = "<group>"; };
		146766562DE322BF00B89B10 /* AsyncPingViewModel.swift */ = {isa = PBXFileReference; lastKnownFileType = sourcecode.swift; path = AsyncPingViewModel.swift; sourceTree = "<group>"; };
		1468721D2D2330C500373862 /* pingx_Example.app */ = {isa = PBXFileReference; explicitFileType = wrapper.application; includeInIndex = 0; path = pingx_Example.app; sourceTree = BUILT_PRODUCTS_DIR; };
		146872472D23313B00373862 /* AppDelegate.swift */ = {isa = PBXFileReference; lastKnownFileType = sourcecode.swift; path = AppDelegate.swift; sourceTree = "<group>"; };
		146872482D23313B00373862 /* Images.xcassets */ = {isa = PBXFileReference; lastKnownFileType = folder.assetcatalog; path = Images.xcassets; sourceTree = "<group>"; };
		146872492D23313B00373862 /* Info.plist */ = {isa = PBXFileReference; lastKnownFileType = text.plist.xml; path = Info.plist; sourceTree = "<group>"; };
		1468724A2D23313B00373862 /* Base */ = {isa = PBXFileReference; lastKnownFileType = file.xib; name = Base; path = Base.lproj/LaunchScreen.xib; sourceTree = "<group>"; };
		16ECE250B3B64C6E99822325 /* Pods-pingx_Example.release.xcconfig */ = {isa = PBXFileReference; includeInIndex = 1; lastKnownFileType = text.xcconfig; name = "Pods-pingx_Example.release.xcconfig"; path = "Target Support Files/Pods-pingx_Example/Pods-pingx_Example.release.xcconfig"; sourceTree = "<group>"; };
		27E15695FB38592072BFDC43 /* Pods-pingx.release.xcconfig */ = {isa = PBXFileReference; includeInIndex = 1; lastKnownFileType = text.xcconfig; name = "Pods-pingx.release.xcconfig"; path = "Target Support Files/Pods-pingx/Pods-pingx.release.xcconfig"; sourceTree = "<group>"; };
		7978D2CD5145265FA076CCB8 /* Pods_pingx_Example.framework */ = {isa = PBXFileReference; explicitFileType = wrapper.framework; includeInIndex = 0; path = Pods_pingx_Example.framework; sourceTree = BUILT_PRODUCTS_DIR; };
		BA521963A5ECCC78366E321D /* Pods-pingx.debug.xcconfig */ = {isa = PBXFileReference; includeInIndex = 1; lastKnownFileType = text.xcconfig; name = "Pods-pingx.debug.xcconfig"; path = "Target Support Files/Pods-pingx/Pods-pingx.debug.xcconfig"; sourceTree = "<group>"; };
		FD6836F5B0776B9CDDFDD68F /* Pods-pingx_Example.debug.xcconfig */ = {isa = PBXFileReference; includeInIndex = 1; lastKnownFileType = text.xcconfig; name = "Pods-pingx_Example.debug.xcconfig"; path = "Target Support Files/Pods-pingx_Example/Pods-pingx_Example.debug.xcconfig"; sourceTree = "<group>"; };
/* End PBXFileReference section */

/* Begin PBXFrameworksBuildPhase section */
		1468721A2D2330C500373862 /* Frameworks */ = {
			isa = PBXFrameworksBuildPhase;
			buildActionMask = 2147483647;
			files = (
				FE343DB94858EB002C0DA943 /* Pods_pingx_Example.framework in Frameworks */,
			);
			runOnlyForDeploymentPostprocessing = 0;
		};
/* End PBXFrameworksBuildPhase section */

/* Begin PBXGroup section */
		145E71752E0FFF5400F92C01 /* DisplayModels */ = {
			isa = PBXGroup;
			children = (
				145E71762E0FFF5D00F92C01 /* PingResultDisplayModel.swift */,
			);
			path = DisplayModels;
			sourceTree = "<group>";
		};
		146766482DE31BC200B89B10 /* Views */ = {
			isa = PBXGroup;
			children = (
				146766532DE322AE00B89B10 /* AsyncPingView */,
				1467664A2DE31BD400B89B10 /* HomeView */,
				146766492DE31BCD00B89B10 /* CallbackPingView */,
			);
			path = Views;
			sourceTree = "<group>";
		};
		146766492DE31BCD00B89B10 /* CallbackPingView */ = {
			isa = PBXGroup;
			children = (
				146766512DE31D0A00B89B10 /* CallbackPingViewModel.swift */,
				1467664D2DE31BFD00B89B10 /* CallbackPingView.swift */,
			);
			path = CallbackPingView;
			sourceTree = "<group>";
		};
		1467664A2DE31BD400B89B10 /* HomeView */ = {
			isa = PBXGroup;
			children = (
				1467664F2DE31C0E00B89B10 /* HomeView.swift */,
			);
			path = HomeView;
			sourceTree = "<group>";
		};
		146766532DE322AE00B89B10 /* AsyncPingView */ = {
			isa = PBXGroup;
			children = (
				146766562DE322BF00B89B10 /* AsyncPingViewModel.swift */,
				146766542DE322BC00B89B10 /* AsyncPingView.swift */,
			);
			path = AsyncPingView;
			sourceTree = "<group>";
		};
		146872142D2330C500373862 = {
			isa = PBXGroup;
			children = (
				146872502D23313B00373862 /* pingx */,
				1468721E2D2330C500373862 /* Products */,
				DBD074C0851340AE48F68DCA /* Pods */,
				B4E66B6C1EBD337B2661E73A /* Frameworks */,
			);
			sourceTree = "<group>";
		};
		1468721E2D2330C500373862 /* Products */ = {
			isa = PBXGroup;
			children = (
				1468721D2D2330C500373862 /* pingx_Example.app */,
			);
			name = Products;
			sourceTree = "<group>";
		};
		146872502D23313B00373862 /* pingx */ = {
			isa = PBXGroup;
			children = (
				145E71752E0FFF5400F92C01 /* DisplayModels */,
				146766482DE31BC200B89B10 /* Views */,
				146872472D23313B00373862 /* AppDelegate.swift */,
				146872482D23313B00373862 /* Images.xcassets */,
				146872492D23313B00373862 /* Info.plist */,
				1468724B2D23313B00373862 /* LaunchScreen.xib */,
			);
			path = pingx;
			sourceTree = "<group>";
		};
		B4E66B6C1EBD337B2661E73A /* Frameworks */ = {
			isa = PBXGroup;
			children = (
				7978D2CD5145265FA076CCB8 /* Pods_pingx_Example.framework */,
			);
			name = Frameworks;
			sourceTree = "<group>";
		};
		DBD074C0851340AE48F68DCA /* Pods */ = {
			isa = PBXGroup;
			children = (
				BA521963A5ECCC78366E321D /* Pods-pingx.debug.xcconfig */,
				27E15695FB38592072BFDC43 /* Pods-pingx.release.xcconfig */,
				FD6836F5B0776B9CDDFDD68F /* Pods-pingx_Example.debug.xcconfig */,
				16ECE250B3B64C6E99822325 /* Pods-pingx_Example.release.xcconfig */,
			);
			path = Pods;
			sourceTree = "<group>";
		};
/* End PBXGroup section */

/* Begin PBXNativeTarget section */
		1468721C2D2330C500373862 /* pingx_Example */ = {
			isa = PBXNativeTarget;
			buildConfigurationList = 146872302D2330C600373862 /* Build configuration list for PBXNativeTarget "pingx_Example" */;
			buildPhases = (
				0E83E4892B69D864EB19D157 /* [CP] Check Pods Manifest.lock */,
				146872192D2330C500373862 /* Sources */,
				1468721A2D2330C500373862 /* Frameworks */,
				1468721B2D2330C500373862 /* Resources */,
				A4A55C04D233FEDE061B9D6B /* [CP] Embed Pods Frameworks */,
			);
			buildRules = (
			);
			dependencies = (
			);
			name = pingx_Example;
			productName = pingx;
			productReference = 1468721D2D2330C500373862 /* pingx_Example.app */;
			productType = "com.apple.product-type.application";
		};
/* End PBXNativeTarget section */

/* Begin PBXProject section */
		146872152D2330C500373862 /* Project object */ = {
			isa = PBXProject;
			attributes = {
				BuildIndependentTargetsInParallel = 1;
				LastSwiftUpdateCheck = 1610;
				LastUpgradeCheck = 1610;
				TargetAttributes = {
					1468721C2D2330C500373862 = {
						CreatedOnToolsVersion = 16.1;
						LastSwiftMigration = 1610;
					};
				};
			};
			buildConfigurationList = 146872182D2330C500373862 /* Build configuration list for PBXProject "pingx" */;
			developmentRegion = en;
			hasScannedForEncodings = 0;
			knownRegions = (
				en,
				Base,
			);
			mainGroup = 146872142D2330C500373862;
			minimizedProjectReferenceProxies = 1;
			preferredProjectObjectVersion = 77;
			productRefGroup = 1468721E2D2330C500373862 /* Products */;
			projectDirPath = "";
			projectRoot = "";
			targets = (
				1468721C2D2330C500373862 /* pingx_Example */,
			);
		};
/* End PBXProject section */

/* Begin PBXResourcesBuildPhase section */
		1468721B2D2330C500373862 /* Resources */ = {
			isa = PBXResourcesBuildPhase;
			buildActionMask = 2147483647;
			files = (
				146872572D23313B00373862 /* LaunchScreen.xib in Resources */,
				146872582D23313B00373862 /* Images.xcassets in Resources */,
			);
			runOnlyForDeploymentPostprocessing = 0;
		};
/* End PBXResourcesBuildPhase section */

/* Begin PBXShellScriptBuildPhase section */
		0E83E4892B69D864EB19D157 /* [CP] Check Pods Manifest.lock */ = {
			isa = PBXShellScriptBuildPhase;
			buildActionMask = 2147483647;
			files = (
			);
			inputFileListPaths = (
			);
			inputPaths = (
				"${PODS_PODFILE_DIR_PATH}/Podfile.lock",
				"${PODS_ROOT}/Manifest.lock",
			);
			name = "[CP] Check Pods Manifest.lock";
			outputFileListPaths = (
			);
			outputPaths = (
				"$(DERIVED_FILE_DIR)/Pods-pingx_Example-checkManifestLockResult.txt",
			);
			runOnlyForDeploymentPostprocessing = 0;
			shellPath = /bin/sh;
			shellScript = "diff \"${PODS_PODFILE_DIR_PATH}/Podfile.lock\" \"${PODS_ROOT}/Manifest.lock\" > /dev/null\nif [ $? != 0 ] ; then\n    # print error to STDERR\n    echo \"error: The sandbox is not in sync with the Podfile.lock. Run 'pod install' or update your CocoaPods installation.\" >&2\n    exit 1\nfi\n# This output is used by Xcode 'outputs' to avoid re-running this script phase.\necho \"SUCCESS\" > \"${SCRIPT_OUTPUT_FILE_0}\"\n";
			showEnvVarsInLog = 0;
		};
		A4A55C04D233FEDE061B9D6B /* [CP] Embed Pods Frameworks */ = {
			isa = PBXShellScriptBuildPhase;
			buildActionMask = 2147483647;
			files = (
			);
			inputFileListPaths = (
				"${PODS_ROOT}/Target Support Files/Pods-pingx_Example/Pods-pingx_Example-frameworks-${CONFIGURATION}-input-files.xcfilelist",
			);
			name = "[CP] Embed Pods Frameworks";
			outputFileListPaths = (
				"${PODS_ROOT}/Target Support Files/Pods-pingx_Example/Pods-pingx_Example-frameworks-${CONFIGURATION}-output-files.xcfilelist",
			);
			runOnlyForDeploymentPostprocessing = 0;
			shellPath = /bin/sh;
			shellScript = "\"${PODS_ROOT}/Target Support Files/Pods-pingx_Example/Pods-pingx_Example-frameworks.sh\"\n";
			showEnvVarsInLog = 0;
		};
/* End PBXShellScriptBuildPhase section */

/* Begin PBXSourcesBuildPhase section */
		146872192D2330C500373862 /* Sources */ = {
			isa = PBXSourcesBuildPhase;
			buildActionMask = 2147483647;
			files = (
				1467664E2DE31BFD00B89B10 /* CallbackPingView.swift in Sources */,
				146766572DE322C200B89B10 /* AsyncPingViewModel.swift in Sources */,
				146872522D23313B00373862 /* AppDelegate.swift in Sources */,
				145E71772E0FFF6100F92C01 /* PingResultDisplayModel.swift in Sources */,
				146766522DE31D1000B89B10 /* CallbackPingViewModel.swift in Sources */,
				146766502DE31C0E00B89B10 /* HomeView.swift in Sources */,
				146766552DE322BC00B89B10 /* AsyncPingView.swift in Sources */,
			);
			runOnlyForDeploymentPostprocessing = 0;
		};
/* End PBXSourcesBuildPhase section */

/* Begin PBXVariantGroup section */
		1468724B2D23313B00373862 /* LaunchScreen.xib */ = {
			isa = PBXVariantGroup;
			children = (
				1468724A2D23313B00373862 /* Base */,
			);
			name = LaunchScreen.xib;
			sourceTree = "<group>";
		};
/* End PBXVariantGroup section */

/* Begin XCBuildConfiguration section */
		146872312D2330C600373862 /* Debug */ = {
			isa = XCBuildConfiguration;
			baseConfigurationReference = FD6836F5B0776B9CDDFDD68F /* Pods-pingx_Example.debug.xcconfig */;
			buildSettings = {
				ASSETCATALOG_COMPILER_APPICON_NAME = AppIcon;
				ASSETCATALOG_COMPILER_GLOBAL_ACCENT_COLOR_NAME = AccentColor;
				CLANG_ENABLE_MODULES = YES;
				CODE_SIGN_IDENTITY = "Apple Development";
				CODE_SIGN_STYLE = Manual;
				CURRENT_PROJECT_VERSION = 1;
				DEVELOPMENT_TEAM = "";
				ENABLE_USER_SCRIPT_SANDBOXING = NO;
				GENERATE_INFOPLIST_FILE = YES;
				INFOPLIST_FILE = pingx/Info.plist;
				INFOPLIST_KEY_UIApplicationSupportsIndirectInputEvents = YES;
				INFOPLIST_KEY_UILaunchStoryboardName = LaunchScreen;
				INFOPLIST_KEY_UIRequiredDeviceCapabilities = armv7;
				INFOPLIST_KEY_UISupportedInterfaceOrientations = "UIInterfaceOrientationPortrait UIInterfaceOrientationLandscapeLeft";
				INFOPLIST_KEY_UISupportedInterfaceOrientations_iPad = "UIInterfaceOrientationPortrait UIInterfaceOrientationPortraitUpsideDown UIInterfaceOrientationLandscapeLeft UIInterfaceOrientationLandscapeRight";
				INFOPLIST_KEY_UISupportedInterfaceOrientations_iPhone = "UIInterfaceOrientationPortrait UIInterfaceOrientationLandscapeLeft UIInterfaceOrientationLandscapeRight";
				IPHONEOS_DEPLOYMENT_TARGET = 16.0;
				LD_RUNPATH_SEARCH_PATHS = (
					"$(inherited)",
					"@executable_path/Frameworks",
				);
				MARKETING_VERSION = 1.0;
				PRODUCT_BUNDLE_IDENTIFIER = "com.Ilya.Baryka.pingx-Example";
				PRODUCT_NAME = "$(TARGET_NAME)";
				PROVISIONING_PROFILE_SPECIFIER = "";
				SWIFT_EMIT_LOC_STRINGS = YES;
				SWIFT_OPTIMIZATION_LEVEL = "-Onone";
				SWIFT_STRICT_CONCURRENCY = complete;
				SWIFT_VERSION = 5.0;
				TARGETED_DEVICE_FAMILY = "1,2";
			};
			name = Debug;
		};
		146872322D2330C600373862 /* Release */ = {
			isa = XCBuildConfiguration;
			baseConfigurationReference = 16ECE250B3B64C6E99822325 /* Pods-pingx_Example.release.xcconfig */;
			buildSettings = {
				ASSETCATALOG_COMPILER_APPICON_NAME = AppIcon;
				ASSETCATALOG_COMPILER_GLOBAL_ACCENT_COLOR_NAME = AccentColor;
				CLANG_ENABLE_MODULES = YES;
				CODE_SIGN_IDENTITY = "Apple Development";
				CODE_SIGN_STYLE = Manual;
				CURRENT_PROJECT_VERSION = 1;
				DEVELOPMENT_TEAM = "";
				ENABLE_USER_SCRIPT_SANDBOXING = NO;
				GENERATE_INFOPLIST_FILE = YES;
				INFOPLIST_FILE = pingx/Info.plist;
				INFOPLIST_KEY_UIApplicationSupportsIndirectInputEvents = YES;
				INFOPLIST_KEY_UILaunchStoryboardName = LaunchScreen;
				INFOPLIST_KEY_UIRequiredDeviceCapabilities = armv7;
				INFOPLIST_KEY_UISupportedInterfaceOrientations = "UIInterfaceOrientationPortrait UIInterfaceOrientationLandscapeLeft";
				INFOPLIST_KEY_UISupportedInterfaceOrientations_iPad = "UIInterfaceOrientationPortrait UIInterfaceOrientationPortraitUpsideDown UIInterfaceOrientationLandscapeLeft UIInterfaceOrientationLandscapeRight";
				INFOPLIST_KEY_UISupportedInterfaceOrientations_iPhone = "UIInterfaceOrientationPortrait UIInterfaceOrientationLandscapeLeft UIInterfaceOrientationLandscapeRight";
				IPHONEOS_DEPLOYMENT_TARGET = 16.0;
				LD_RUNPATH_SEARCH_PATHS = (
					"$(inherited)",
					"@executable_path/Frameworks",
				);
				MARKETING_VERSION = 1.0;
				PRODUCT_BUNDLE_IDENTIFIER = "com.Ilya.Baryka.pingx-Example";
				PRODUCT_NAME = "$(TARGET_NAME)";
				PROVISIONING_PROFILE_SPECIFIER = "";
				SWIFT_EMIT_LOC_STRINGS = YES;
				SWIFT_STRICT_CONCURRENCY = complete;
				SWIFT_VERSION = 5.0;
				TARGETED_DEVICE_FAMILY = "1,2";
			};
			name = Release;
		};
		146872332D2330C600373862 /* Debug */ = {
			isa = XCBuildConfiguration;
			buildSettings = {
				ALWAYS_SEARCH_USER_PATHS = NO;
				ASSETCATALOG_COMPILER_GENERATE_SWIFT_ASSET_SYMBOL_EXTENSIONS = YES;
				CLANG_ANALYZER_NONNULL = YES;
				CLANG_ANALYZER_NUMBER_OBJECT_CONVERSION = YES_AGGRESSIVE;
				CLANG_CXX_LANGUAGE_STANDARD = "gnu++20";
				CLANG_ENABLE_MODULES = YES;
				CLANG_ENABLE_OBJC_ARC = YES;
				CLANG_ENABLE_OBJC_WEAK = YES;
				CLANG_WARN_BLOCK_CAPTURE_AUTORELEASING = YES;
				CLANG_WARN_BOOL_CONVERSION = YES;
				CLANG_WARN_COMMA = YES;
				CLANG_WARN_CONSTANT_CONVERSION = YES;
				CLANG_WARN_DEPRECATED_OBJC_IMPLEMENTATIONS = YES;
				CLANG_WARN_DIRECT_OBJC_ISA_USAGE = YES_ERROR;
				CLANG_WARN_DOCUMENTATION_COMMENTS = YES;
				CLANG_WARN_EMPTY_BODY = YES;
				CLANG_WARN_ENUM_CONVERSION = YES;
				CLANG_WARN_INFINITE_RECURSION = YES;
				CLANG_WARN_INT_CONVERSION = YES;
				CLANG_WARN_NON_LITERAL_NULL_CONVERSION = YES;
				CLANG_WARN_OBJC_IMPLICIT_RETAIN_SELF = YES;
				CLANG_WARN_OBJC_LITERAL_CONVERSION = YES;
				CLANG_WARN_OBJC_ROOT_CLASS = YES_ERROR;
				CLANG_WARN_QUOTED_INCLUDE_IN_FRAMEWORK_HEADER = YES;
				CLANG_WARN_RANGE_LOOP_ANALYSIS = YES;
				CLANG_WARN_STRICT_PROTOTYPES = YES;
				CLANG_WARN_SUSPICIOUS_MOVE = YES;
				CLANG_WARN_UNGUARDED_AVAILABILITY = YES_AGGRESSIVE;
				CLANG_WARN_UNREACHABLE_CODE = YES;
				CLANG_WARN__DUPLICATE_METHOD_MATCH = YES;
				COPY_PHASE_STRIP = NO;
				DEBUG_INFORMATION_FORMAT = dwarf;
				ENABLE_STRICT_OBJC_MSGSEND = YES;
				ENABLE_TESTABILITY = YES;
				ENABLE_USER_SCRIPT_SANDBOXING = YES;
				GCC_C_LANGUAGE_STANDARD = gnu17;
				GCC_DYNAMIC_NO_PIC = NO;
				GCC_NO_COMMON_BLOCKS = YES;
				GCC_OPTIMIZATION_LEVEL = 0;
				GCC_PREPROCESSOR_DEFINITIONS = (
					"DEBUG=1",
					"$(inherited)",
				);
				GCC_WARN_64_TO_32_BIT_CONVERSION = YES;
				GCC_WARN_ABOUT_RETURN_TYPE = YES_ERROR;
				GCC_WARN_UNDECLARED_SELECTOR = YES;
				GCC_WARN_UNINITIALIZED_AUTOS = YES_AGGRESSIVE;
				GCC_WARN_UNUSED_FUNCTION = YES;
				GCC_WARN_UNUSED_VARIABLE = YES;
				IPHONEOS_DEPLOYMENT_TARGET = 13.0;
				LOCALIZATION_PREFERS_STRING_CATALOGS = YES;
				MTL_ENABLE_DEBUG_INFO = INCLUDE_SOURCE;
				MTL_FAST_MATH = YES;
				ONLY_ACTIVE_ARCH = YES;
				SDKROOT = iphoneos;
				SWIFT_ACTIVE_COMPILATION_CONDITIONS = "DEBUG $(inherited)";
				SWIFT_OPTIMIZATION_LEVEL = "-Onone";
				SWIFT_STRICT_CONCURRENCY = complete;
			};
			name = Debug;
		};
		146872342D2330C600373862 /* Release */ = {
			isa = XCBuildConfiguration;
			buildSettings = {
				ALWAYS_SEARCH_USER_PATHS = NO;
				ASSETCATALOG_COMPILER_GENERATE_SWIFT_ASSET_SYMBOL_EXTENSIONS = YES;
				CLANG_ANALYZER_NONNULL = YES;
				CLANG_ANALYZER_NUMBER_OBJECT_CONVERSION = YES_AGGRESSIVE;
				CLANG_CXX_LANGUAGE_STANDARD = "gnu++20";
				CLANG_ENABLE_MODULES = YES;
				CLANG_ENABLE_OBJC_ARC = YES;
				CLANG_ENABLE_OBJC_WEAK = YES;
				CLANG_WARN_BLOCK_CAPTURE_AUTORELEASING = YES;
				CLANG_WARN_BOOL_CONVERSION = YES;
				CLANG_WARN_COMMA = YES;
				CLANG_WARN_CONSTANT_CONVERSION = YES;
				CLANG_WARN_DEPRECATED_OBJC_IMPLEMENTATIONS = YES;
				CLANG_WARN_DIRECT_OBJC_ISA_USAGE = YES_ERROR;
				CLANG_WARN_DOCUMENTATION_COMMENTS = YES;
				CLANG_WARN_EMPTY_BODY = YES;
				CLANG_WARN_ENUM_CONVERSION = YES;
				CLANG_WARN_INFINITE_RECURSION = YES;
				CLANG_WARN_INT_CONVERSION = YES;
				CLANG_WARN_NON_LITERAL_NULL_CONVERSION = YES;
				CLANG_WARN_OBJC_IMPLICIT_RETAIN_SELF = YES;
				CLANG_WARN_OBJC_LITERAL_CONVERSION = YES;
				CLANG_WARN_OBJC_ROOT_CLASS = YES_ERROR;
				CLANG_WARN_QUOTED_INCLUDE_IN_FRAMEWORK_HEADER = YES;
				CLANG_WARN_RANGE_LOOP_ANALYSIS = YES;
				CLANG_WARN_STRICT_PROTOTYPES = YES;
				CLANG_WARN_SUSPICIOUS_MOVE = YES;
				CLANG_WARN_UNGUARDED_AVAILABILITY = YES_AGGRESSIVE;
				CLANG_WARN_UNREACHABLE_CODE = YES;
				CLANG_WARN__DUPLICATE_METHOD_MATCH = YES;
				COPY_PHASE_STRIP = NO;
				DEBUG_INFORMATION_FORMAT = "dwarf-with-dsym";
				ENABLE_NS_ASSERTIONS = NO;
				ENABLE_STRICT_OBJC_MSGSEND = YES;
				ENABLE_USER_SCRIPT_SANDBOXING = YES;
				GCC_C_LANGUAGE_STANDARD = gnu17;
				GCC_NO_COMMON_BLOCKS = YES;
				GCC_WARN_64_TO_32_BIT_CONVERSION = YES;
				GCC_WARN_ABOUT_RETURN_TYPE = YES_ERROR;
				GCC_WARN_UNDECLARED_SELECTOR = YES;
				GCC_WARN_UNINITIALIZED_AUTOS = YES_AGGRESSIVE;
				GCC_WARN_UNUSED_FUNCTION = YES;
				GCC_WARN_UNUSED_VARIABLE = YES;
				IPHONEOS_DEPLOYMENT_TARGET = 13.0;
				LOCALIZATION_PREFERS_STRING_CATALOGS = YES;
				MTL_ENABLE_DEBUG_INFO = NO;
				MTL_FAST_MATH = YES;
				SDKROOT = iphoneos;
				SWIFT_COMPILATION_MODE = wholemodule;
				SWIFT_STRICT_CONCURRENCY = complete;
				VALIDATE_PRODUCT = YES;
			};
			name = Release;
		};
/* End XCBuildConfiguration section */

/* Begin XCConfigurationList section */
		146872182D2330C500373862 /* Build configuration list for PBXProject "pingx" */ = {
			isa = XCConfigurationList;
			buildConfigurations = (
				146872332D2330C600373862 /* Debug */,
				146872342D2330C600373862 /* Release */,
			);
			defaultConfigurationIsVisible = 0;
			defaultConfigurationName = Release;
		};
		146872302D2330C600373862 /* Build configuration list for PBXNativeTarget "pingx_Example" */ = {
			isa = XCConfigurationList;
			buildConfigurations = (
				146872312D2330C600373862 /* Debug */,
				146872322D2330C600373862 /* Release */,
			);
			defaultConfigurationIsVisible = 0;
			defaultConfigurationName = Release;
		};
/* End XCConfigurationList section */
	};
	rootObject = 146872152D2330C500373862 /* Project object */;
}
